
Microsoft Visual Studio Solution File, Format Version 12.00
# Visual Studio Version 16
VisualStudioVersion = 16.0.29009.5
MinimumVisualStudioVersion = 10.0.40219.1
Project("{9A19103F-16F7-4668-BE54-9A1E7A4F7556}") = "NFun.Console", "NFun.Console\NFun.Console.csproj", "{C14AEA34-D6AD-4D33-A56C-0522CD3106C2}"
EndProject
Project("{9A19103F-16F7-4668-BE54-9A1E7A4F7556}") = "NFun.Tests", "NFun.Tests\NFun.Tests.csproj", "{500BA4AF-E96C-458A-A6E2-4650E9663520}"
EndProject
Project("{9A19103F-16F7-4668-BE54-9A1E7A4F7556}") = "NFun", "NFun\NFun.csproj", "{A9B5CF03-3CC0-4631-88C8-6BFB8AA4D88F}"
EndProject
Project("{2150E333-8FDC-42A3-9474-1A3956D46DE8}") = "Tests", "Tests", "{AD33CA54-5018-4BEB-80A2-984016CBA484}"
EndProject
Project("{9A19103F-16F7-4668-BE54-9A1E7A4F7556}") = "NFun.Fuspec", "NFun.Fuspec\NFun.Fuspec.csproj", "{D450D8F4-6584-40A4-813B-7DAA09B99B4A}"
EndProject
Project("{9A19103F-16F7-4668-BE54-9A1E7A4F7556}") = "NFun.Fuspectests", "NFun.Fuspectests\NFun.Fuspectests.csproj", "{39943B97-69B5-4474-8EA0-18F14C7317EE}"
EndProject
Project("{9A19103F-16F7-4668-BE54-9A1E7A4F7556}") = "ConsoleUseParser", "ConsoleUseParser\ConsoleUseParser.csproj", "{DE205EB9-4BE3-413E-9AC1-6D37D3452E0E}"
EndProject
Project("{9A19103F-16F7-4668-BE54-9A1E7A4F7556}") = "FuspecHandler", "FuspecHandler\FuspecHandler.csproj", "{368481E9-7A6C-4DB6-BBFA-05C2621A86FD}"
EndProject
Project("{9A19103F-16F7-4668-BE54-9A1E7A4F7556}") = "NFun.Tic.Tests", "NFun.Tic.Tests\NFun.Tic.Tests.csproj", "{DB452DDE-D067-4B7E-95BD-423FD77BCDC7}"
EndProject
Project("{9A19103F-16F7-4668-BE54-9A1E7A4F7556}") = "NFun.ModuleTests", "Nfun.TryTicTests\NFun.ModuleTests.csproj", "{40C6C361-6E91-485E-9A43-7844956AB245}"
EndProject
Project("{2150E333-8FDC-42A3-9474-1A3956D46DE8}") = "Benchmarks", "Benchmarks", "{F055674B-868D-4DCA-8761-481124E630B6}"
EndProject
Project("{9A19103F-16F7-4668-BE54-9A1E7A4F7556}") = "NFun.Benchmarks", "NFun.Benchmarks\NFun.Benchmarks.csproj", "{0CCF0A43-4C78-4B17-B538-C8013423430B}"
EndProject
Project("{FAE04EC0-301F-11D3-BF4B-00C04F79EFBC}") = "Nfun.InfinityProfiling", "Nfun.InfinityProfiling\Nfun.InfinityProfiling.csproj", "{EEEFCEE7-1C53-4C68-8280-30089AB8D392}"
EndProject
Project("{FAE04EC0-301F-11D3-BF4B-00C04F79EFBC}") = "NFun.CompareToOthers", "NFun.CompareToOthers\NFun.CompareToOthers.csproj", "{1E9979C6-9EBE-4E48-9069-05ED1B3D77E5}"
EndProject
Project("{FAE04EC0-301F-11D3-BF4B-00C04F79EFBC}") = "NFun.Experiments", "NFun.Experiments\NFun.Experiments.csproj", "{780F7E9E-4123-40A8-AEB5-23DC24377BAB}"
EndProject
Project("{2150E333-8FDC-42A3-9474-1A3956D46DE8}") = "Fuspec", "Fuspec", "{C86A273C-DF0E-4606-9016-8CA5678B98EE}"
EndProject
Global
	GlobalSection(SolutionConfigurationPlatforms) = preSolution
		Debug|Any CPU = Debug|Any CPU
		Release|Any CPU = Release|Any CPU
	EndGlobalSection
	GlobalSection(ProjectConfigurationPlatforms) = postSolution
		{C14AEA34-D6AD-4D33-A56C-0522CD3106C2}.Debug|Any CPU.ActiveCfg = Debug|Any CPU
		{C14AEA34-D6AD-4D33-A56C-0522CD3106C2}.Debug|Any CPU.Build.0 = Debug|Any CPU
		{C14AEA34-D6AD-4D33-A56C-0522CD3106C2}.Release|Any CPU.ActiveCfg = Release|Any CPU
		{C14AEA34-D6AD-4D33-A56C-0522CD3106C2}.Release|Any CPU.Build.0 = Release|Any CPU
		{500BA4AF-E96C-458A-A6E2-4650E9663520}.Debug|Any CPU.ActiveCfg = Debug|Any CPU
		{500BA4AF-E96C-458A-A6E2-4650E9663520}.Debug|Any CPU.Build.0 = Debug|Any CPU
		{500BA4AF-E96C-458A-A6E2-4650E9663520}.Release|Any CPU.ActiveCfg = Release|Any CPU
		{500BA4AF-E96C-458A-A6E2-4650E9663520}.Release|Any CPU.Build.0 = Release|Any CPU
		{A9B5CF03-3CC0-4631-88C8-6BFB8AA4D88F}.Debug|Any CPU.ActiveCfg = Debug|Any CPU
		{A9B5CF03-3CC0-4631-88C8-6BFB8AA4D88F}.Debug|Any CPU.Build.0 = Debug|Any CPU
		{A9B5CF03-3CC0-4631-88C8-6BFB8AA4D88F}.Release|Any CPU.ActiveCfg = Release|Any CPU
		{A9B5CF03-3CC0-4631-88C8-6BFB8AA4D88F}.Release|Any CPU.Build.0 = Release|Any CPU
		{D450D8F4-6584-40A4-813B-7DAA09B99B4A}.Debug|Any CPU.ActiveCfg = Debug|Any CPU
		{D450D8F4-6584-40A4-813B-7DAA09B99B4A}.Debug|Any CPU.Build.0 = Debug|Any CPU
		{D450D8F4-6584-40A4-813B-7DAA09B99B4A}.Release|Any CPU.ActiveCfg = Release|Any CPU
		{D450D8F4-6584-40A4-813B-7DAA09B99B4A}.Release|Any CPU.Build.0 = Release|Any CPU
		{39943B97-69B5-4474-8EA0-18F14C7317EE}.Debug|Any CPU.ActiveCfg = Debug|Any CPU
		{39943B97-69B5-4474-8EA0-18F14C7317EE}.Debug|Any CPU.Build.0 = Debug|Any CPU
		{39943B97-69B5-4474-8EA0-18F14C7317EE}.Release|Any CPU.ActiveCfg = Release|Any CPU
		{39943B97-69B5-4474-8EA0-18F14C7317EE}.Release|Any CPU.Build.0 = Release|Any CPU
		{DE205EB9-4BE3-413E-9AC1-6D37D3452E0E}.Debug|Any CPU.ActiveCfg = Debug|Any CPU
		{DE205EB9-4BE3-413E-9AC1-6D37D3452E0E}.Debug|Any CPU.Build.0 = Debug|Any CPU
		{DE205EB9-4BE3-413E-9AC1-6D37D3452E0E}.Release|Any CPU.ActiveCfg = Release|Any CPU
		{DE205EB9-4BE3-413E-9AC1-6D37D3452E0E}.Release|Any CPU.Build.0 = Release|Any CPU
		{368481E9-7A6C-4DB6-BBFA-05C2621A86FD}.Debug|Any CPU.ActiveCfg = Debug|Any CPU
		{368481E9-7A6C-4DB6-BBFA-05C2621A86FD}.Debug|Any CPU.Build.0 = Debug|Any CPU
		{368481E9-7A6C-4DB6-BBFA-05C2621A86FD}.Release|Any CPU.ActiveCfg = Release|Any CPU
		{368481E9-7A6C-4DB6-BBFA-05C2621A86FD}.Release|Any CPU.Build.0 = Release|Any CPU
		{DB452DDE-D067-4B7E-95BD-423FD77BCDC7}.Debug|Any CPU.ActiveCfg = Debug|Any CPU
		{DB452DDE-D067-4B7E-95BD-423FD77BCDC7}.Debug|Any CPU.Build.0 = Debug|Any CPU
		{DB452DDE-D067-4B7E-95BD-423FD77BCDC7}.Release|Any CPU.ActiveCfg = Release|Any CPU
		{DB452DDE-D067-4B7E-95BD-423FD77BCDC7}.Release|Any CPU.Build.0 = Release|Any CPU
		{40C6C361-6E91-485E-9A43-7844956AB245}.Debug|Any CPU.ActiveCfg = Debug|Any CPU
		{40C6C361-6E91-485E-9A43-7844956AB245}.Debug|Any CPU.Build.0 = Debug|Any CPU
		{40C6C361-6E91-485E-9A43-7844956AB245}.Release|Any CPU.ActiveCfg = Release|Any CPU
		{40C6C361-6E91-485E-9A43-7844956AB245}.Release|Any CPU.Build.0 = Release|Any CPU
		{0CCF0A43-4C78-4B17-B538-C8013423430B}.Debug|Any CPU.ActiveCfg = Debug|Any CPU
		{0CCF0A43-4C78-4B17-B538-C8013423430B}.Debug|Any CPU.Build.0 = Debug|Any CPU
		{0CCF0A43-4C78-4B17-B538-C8013423430B}.Release|Any CPU.ActiveCfg = Release|Any CPU
		{0CCF0A43-4C78-4B17-B538-C8013423430B}.Release|Any CPU.Build.0 = Release|Any CPU
		{EEEFCEE7-1C53-4C68-8280-30089AB8D392}.Debug|Any CPU.ActiveCfg = Debug|Any CPU
		{EEEFCEE7-1C53-4C68-8280-30089AB8D392}.Debug|Any CPU.Build.0 = Debug|Any CPU
		{EEEFCEE7-1C53-4C68-8280-30089AB8D392}.Release|Any CPU.ActiveCfg = Release|Any CPU
		{EEEFCEE7-1C53-4C68-8280-30089AB8D392}.Release|Any CPU.Build.0 = Release|Any CPU
		{1E9979C6-9EBE-4E48-9069-05ED1B3D77E5}.Debug|Any CPU.ActiveCfg = Debug|Any CPU
		{1E9979C6-9EBE-4E48-9069-05ED1B3D77E5}.Debug|Any CPU.Build.0 = Debug|Any CPU
		{1E9979C6-9EBE-4E48-9069-05ED1B3D77E5}.Release|Any CPU.ActiveCfg = Release|Any CPU
		{1E9979C6-9EBE-4E48-9069-05ED1B3D77E5}.Release|Any CPU.Build.0 = Release|Any CPU
		{780F7E9E-4123-40A8-AEB5-23DC24377BAB}.Debug|Any CPU.ActiveCfg = Debug|Any CPU
		{780F7E9E-4123-40A8-AEB5-23DC24377BAB}.Debug|Any CPU.Build.0 = Debug|Any CPU
		{780F7E9E-4123-40A8-AEB5-23DC24377BAB}.Release|Any CPU.ActiveCfg = Release|Any CPU
		{780F7E9E-4123-40A8-AEB5-23DC24377BAB}.Release|Any CPU.Build.0 = Release|Any CPU
	EndGlobalSection
	GlobalSection(SolutionProperties) = preSolution
		HideSolutionNode = FALSE
	EndGlobalSection
	GlobalSection(NestedProjects) = preSolution
		{500BA4AF-E96C-458A-A6E2-4650E9663520} = {AD33CA54-5018-4BEB-80A2-984016CBA484}
		{DB452DDE-D067-4B7E-95BD-423FD77BCDC7} = {AD33CA54-5018-4BEB-80A2-984016CBA484}
		{40C6C361-6E91-485E-9A43-7844956AB245} = {AD33CA54-5018-4BEB-80A2-984016CBA484}
		{0CCF0A43-4C78-4B17-B538-C8013423430B} = {F055674B-868D-4DCA-8761-481124E630B6}
		{EEEFCEE7-1C53-4C68-8280-30089AB8D392} = {F055674B-868D-4DCA-8761-481124E630B6}
		{1E9979C6-9EBE-4E48-9069-05ED1B3D77E5} = {F055674B-868D-4DCA-8761-481124E630B6}
		{780F7E9E-4123-40A8-AEB5-23DC24377BAB} = {F055674B-868D-4DCA-8761-481124E630B6}
		{368481E9-7A6C-4DB6-BBFA-05C2621A86FD} = {C86A273C-DF0E-4606-9016-8CA5678B98EE}
		{D450D8F4-6584-40A4-813B-7DAA09B99B4A} = {C86A273C-DF0E-4606-9016-8CA5678B98EE}
		{39943B97-69B5-4474-8EA0-18F14C7317EE} = {C86A273C-DF0E-4606-9016-8CA5678B98EE}
		{DE205EB9-4BE3-413E-9AC1-6D37D3452E0E} = {C86A273C-DF0E-4606-9016-8CA5678B98EE}
	EndGlobalSection
	GlobalSection(ExtensibilityGlobals) = postSolution
		SolutionGuid = {4ECD34A8-46A8-48EE-82A4-45A9C6A2327B}
	EndGlobalSection
EndGlobal
