
Microsoft Visual Studio Solution File, Format Version 12.00
Project("{FAE04EC0-301F-11D3-BF4B-00C04F79EFBC}") = "Funny", "Funny\Funny.csproj", "{C14AEA34-D6AD-4D33-A56C-0522CD3106C2}"
EndProject
Project("{FAE04EC0-301F-11D3-BF4B-00C04F79EFBC}") = "Funny.Tests", "Funny.Tests\Funny.Tests.csproj", "{500BA4AF-E96C-458A-A6E2-4650E9663520}"
EndProject
Global
	GlobalSection(SolutionConfigurationPlatforms) = preSolution
		Debug|Any CPU = Debug|Any CPU
		Release|Any CPU = Release|Any CPU
	EndGlobalSection
	GlobalSection(ProjectConfigurationPlatforms) = postSolution
		{C14AEA34-D6AD-4D33-A56C-0522CD3106C2}.Debug|Any CPU.ActiveCfg = Debug|Any CPU
		{C14AEA34-D6AD-4D33-A56C-0522CD3106C2}.Debug|Any CPU.Build.0 = Debug|Any CPU
		{C14AEA34-D6AD-4D33-A56C-0522CD3106C2}.Release|Any CPU.ActiveCfg = Release|Any CPU
		{C14AEA34-D6AD-4D33-A56C-0522CD3106C2}.Release|Any CPU.Build.0 = Release|Any CPU
		{500BA4AF-E96C-458A-A6E2-4650E9663520}.Debug|Any CPU.ActiveCfg = Debug|Any CPU
		{500BA4AF-E96C-458A-A6E2-4650E9663520}.Debug|Any CPU.Build.0 = Debug|Any CPU
		{500BA4AF-E96C-458A-A6E2-4650E9663520}.Release|Any CPU.ActiveCfg = Release|Any CPU
		{500BA4AF-E96C-458A-A6E2-4650E9663520}.Release|Any CPU.Build.0 = Release|Any CPU
	EndGlobalSection
EndGlobal
